
Microsoft Visual Studio Solution File, Format Version 12.00
# Visual Studio Version 17
VisualStudioVersion = 17.0.31919.166
MinimumVisualStudioVersion = 10.0.40219.1
Project("{FAE04EC0-301F-11D3-BF4B-00C04F79EFBC}") = "MercadinhoSaoJoao", "MercadinhoSaoJoao\MercadinhoSaoJoao.csproj", "{C6582118-B786-4E81-A7C4-E50C74D819F7}"
EndProject
Global
	GlobalSection(SolutionConfigurationPlatforms) = preSolution
		Debug|Any CPU = Debug|Any CPU
		Release|Any CPU = Release|Any CPU
	EndGlobalSection
	GlobalSection(ProjectConfigurationPlatforms) = postSolution
		{C6582118-B786-4E81-A7C4-E50C74D819F7}.Debug|Any CPU.ActiveCfg = Debug|Any CPU
		{C6582118-B786-4E81-A7C4-E50C74D819F7}.Debug|Any CPU.Build.0 = Debug|Any CPU
		{C6582118-B786-4E81-A7C4-E50C74D819F7}.Release|Any CPU.ActiveCfg = Release|Any CPU
		{C6582118-B786-4E81-A7C4-E50C74D819F7}.Release|Any CPU.Build.0 = Release|Any CPU
	EndGlobalSection
	GlobalSection(SolutionProperties) = preSolution
		HideSolutionNode = FALSE
	EndGlobalSection
	GlobalSection(ExtensibilityGlobals) = postSolution
		SolutionGuid = {1FE92FCF-D660-4C68-8723-56FCC15BAFEC}
	EndGlobalSection
EndGlobal
